// !$*UTF8*$!
{
	archiveVersion = 1;
	classes = {
	};
	objectVersion = 46;
	objects = {

/* Begin PBXBuildFile section */
		639E61541809004900840B3C /* Foundation.framework in Frameworks */ = {isa = PBXBuildFile; fileRef = 639E61531809004900840B3C /* Foundation.framework */; };
		639E61561809004900840B3C /* CoreGraphics.framework in Frameworks */ = {isa = PBXBuildFile; fileRef = 639E61551809004900840B3C /* CoreGraphics.framework */; };
		639E61581809004900840B3C /* UIKit.framework in Frameworks */ = {isa = PBXBuildFile; fileRef = 639E61571809004900840B3C /* UIKit.framework */; };
		639E615E1809004900840B3C /* InfoPlist.strings in Resources */ = {isa = PBXBuildFile; fileRef = 639E615C1809004900840B3C /* InfoPlist.strings */; };
		639E61601809004900840B3C /* main.m in Sources */ = {isa = PBXBuildFile; fileRef = 639E615F1809004900840B3C /* main.m */; };
		639E61641809004900840B3C /* AppDelegate.m in Sources */ = {isa = PBXBuildFile; fileRef = 639E61631809004900840B3C /* AppDelegate.m */; };
		639E61671809004900840B3C /* Main.storyboard in Resources */ = {isa = PBXBuildFile; fileRef = 639E61651809004900840B3C /* Main.storyboard */; };
		639E616A1809004900840B3C /* ViewController.m in Sources */ = {isa = PBXBuildFile; fileRef = 639E61691809004900840B3C /* ViewController.m */; };
		639E616C1809004900840B3C /* Images.xcassets in Resources */ = {isa = PBXBuildFile; fileRef = 639E616B1809004900840B3C /* Images.xcassets */; };
		639E61731809004900840B3C /* XCTest.framework in Frameworks */ = {isa = PBXBuildFile; fileRef = 639E61721809004900840B3C /* XCTest.framework */; };
		639E61741809004900840B3C /* Foundation.framework in Frameworks */ = {isa = PBXBuildFile; fileRef = 639E61531809004900840B3C /* Foundation.framework */; };
		639E61751809004900840B3C /* UIKit.framework in Frameworks */ = {isa = PBXBuildFile; fileRef = 639E61571809004900840B3C /* UIKit.framework */; };
		639E617D1809004900840B3C /* InfoPlist.strings in Resources */ = {isa = PBXBuildFile; fileRef = 639E617B1809004900840B3C /* InfoPlist.strings */; };
		639E617F1809004900840B3C /* UranaiTests.m in Sources */ = {isa = PBXBuildFile; fileRef = 639E617E1809004900840B3C /* UranaiTests.m */; };
		639E6191180900B500840B3C /* daikiti.png in Resources */ = {isa = PBXBuildFile; fileRef = 639E6188180900B500840B3C /* daikiti.png */; };
		639E6192180900B500840B3C /* daikyo.png in Resources */ = {isa = PBXBuildFile; fileRef = 639E6189180900B500840B3C /* daikyo.png */; };
		639E6193180900B500840B3C /* haikei.png in Resources */ = {isa = PBXBuildFile; fileRef = 639E618A180900B500840B3C /* haikei.png */; };
		639E6194180900B500840B3C /* icon120_ur.png in Resources */ = {isa = PBXBuildFile; fileRef = 639E618B180900B500840B3C /* icon120_ur.png */; };
		639E6195180900B500840B3C /* kiti.png in Resources */ = {isa = PBXBuildFile; fileRef = 639E618C180900B500840B3C /* kiti.png */; };
		639E6196180900B500840B3C /* kyo.png in Resources */ = {isa = PBXBuildFile; fileRef = 639E618D180900B500840B3C /* kyo.png */; };
		639E6197180900B500840B3C /* suekiti.png in Resources */ = {isa = PBXBuildFile; fileRef = 639E618E180900B500840B3C /* suekiti.png */; };
		639E6198180900B500840B3C /* syokiti.png in Resources */ = {isa = PBXBuildFile; fileRef = 639E618F180900B500840B3C /* syokiti.png */; };
		639E6199180900B500840B3C /* tyukiti.png in Resources */ = {isa = PBXBuildFile; fileRef = 639E6190180900B500840B3C /* tyukiti.png */; };
/* End PBXBuildFile section */

/* Begin PBXContainerItemProxy section */
		639E61761809004900840B3C /* PBXContainerItemProxy */ = {
			isa = PBXContainerItemProxy;
			containerPortal = 639E61481809004900840B3C /* Project object */;
			proxyType = 1;
			remoteGlobalIDString = 639E614F1809004900840B3C;
			remoteInfo = Uranai;
		};
/* End PBXContainerItemProxy section */

/* Begin PBXFileReference section */
		639E61501809004900840B3C /* Uranai.app */ = {isa = PBXFileReference; explicitFileType = wrapper.application; includeInIndex = 0; path = Uranai.app; sourceTree = BUILT_PRODUCTS_DIR; };
		639E61531809004900840B3C /* Foundation.framework */ = {isa = PBXFileReference; lastKnownFileType = wrapper.framework; name = Foundation.framework; path = System/Library/Frameworks/Foundation.framework; sourceTree = SDKROOT; };
		639E61551809004900840B3C /* CoreGraphics.framework */ = {isa = PBXFileReference; lastKnownFileType = wrapper.framework; name = CoreGraphics.framework; path = System/Library/Frameworks/CoreGraphics.framework; sourceTree = SDKROOT; };
		639E61571809004900840B3C /* UIKit.framework */ = {isa = PBXFileReference; lastKnownFileType = wrapper.framework; name = UIKit.framework; path = System/Library/Frameworks/UIKit.framework; sourceTree = SDKROOT; };
		639E615B1809004900840B3C /* Uranai-Info.plist */ = {isa = PBXFileReference; lastKnownFileType = text.plist.xml; path = "Uranai-Info.plist"; sourceTree = "<group>"; };
		639E615D1809004900840B3C /* en */ = {isa = PBXFileReference; lastKnownFileType = text.plist.strings; name = en; path = en.lproj/InfoPlist.strings; sourceTree = "<group>"; };
		639E615F1809004900840B3C /* main.m */ = {isa = PBXFileReference; lastKnownFileType = sourcecode.c.objc; path = main.m; sourceTree = "<group>"; };
		639E61611809004900840B3C /* Uranai-Prefix.pch */ = {isa = PBXFileReference; lastKnownFileType = sourcecode.c.h; path = "Uranai-Prefix.pch"; sourceTree = "<group>"; };
		639E61621809004900840B3C /* AppDelegate.h */ = {isa = PBXFileReference; lastKnownFileType = sourcecode.c.h; path = AppDelegate.h; sourceTree = "<group>"; };
		639E61631809004900840B3C /* AppDelegate.m */ = {isa = PBXFileReference; lastKnownFileType = sourcecode.c.objc; path = AppDelegate.m; sourceTree = "<group>"; };
		639E61661809004900840B3C /* Base */ = {isa = PBXFileReference; lastKnownFileType = file.storyboard; name = Base; path = Base.lproj/Main.storyboard; sourceTree = "<group>"; };
		639E61681809004900840B3C /* ViewController.h */ = {isa = PBXFileReference; lastKnownFileType = sourcecode.c.h; path = ViewController.h; sourceTree = "<group>"; };
		639E61691809004900840B3C /* ViewController.m */ = {isa = PBXFileReference; lastKnownFileType = sourcecode.c.objc; path = ViewController.m; sourceTree = "<group>"; };
		639E616B1809004900840B3C /* Images.xcassets */ = {isa = PBXFileReference; lastKnownFileType = folder.assetcatalog; path = Images.xcassets; sourceTree = "<group>"; };
		639E61711809004900840B3C /* UranaiTests.xctest */ = {isa = PBXFileReference; explicitFileType = wrapper.cfbundle; includeInIndex = 0; path = UranaiTests.xctest; sourceTree = BUILT_PRODUCTS_DIR; };
		639E61721809004900840B3C /* XCTest.framework */ = {isa = PBXFileReference; lastKnownFileType = wrapper.framework; name = XCTest.framework; path = Library/Frameworks/XCTest.framework; sourceTree = DEVELOPER_DIR; };
		639E617A1809004900840B3C /* UranaiTests-Info.plist */ = {isa = PBXFileReference; lastKnownFileType = text.plist.xml; path = "UranaiTests-Info.plist"; sourceTree = "<group>"; };
		639E617C1809004900840B3C /* en */ = {isa = PBXFileReference; lastKnownFileType = text.plist.strings; name = en; path = en.lproj/InfoPlist.strings; sourceTree = "<group>"; };
		639E617E1809004900840B3C /* UranaiTests.m */ = {isa = PBXFileReference; lastKnownFileType = sourcecode.c.objc; path = UranaiTests.m; sourceTree = "<group>"; };
		639E6188180900B500840B3C /* daikiti.png */ = {isa = PBXFileReference; lastKnownFileType = image.png; path = daikiti.png; sourceTree = "<group>"; };
		639E6189180900B500840B3C /* daikyo.png */ = {isa = PBXFileReference; lastKnownFileType = image.png; path = daikyo.png; sourceTree = "<group>"; };
		639E618A180900B500840B3C /* haikei.png */ = {isa = PBXFileReference; lastKnownFileType = image.png; path = haikei.png; sourceTree = "<group>"; };
		639E618B180900B500840B3C /* icon120_ur.png */ = {isa = PBXFileReference; lastKnownFileType = image.png; path = icon120_ur.png; sourceTree = "<group>"; };
		639E618C180900B500840B3C /* kiti.png */ = {isa = PBXFileReference; lastKnownFileType = image.png; path = kiti.png; sourceTree = "<group>"; };
		639E618D180900B500840B3C /* kyo.png */ = {isa = PBXFileReference; lastKnownFileType = image.png; path = kyo.png; sourceTree = "<group>"; };
		639E618E180900B500840B3C /* suekiti.png */ = {isa = PBXFileReference; lastKnownFileType = image.png; path = suekiti.png; sourceTree = "<group>"; };
		639E618F180900B500840B3C /* syokiti.png */ = {isa = PBXFileReference; lastKnownFileType = image.png; path = syokiti.png; sourceTree = "<group>"; };
		639E6190180900B500840B3C /* tyukiti.png */ = {isa = PBXFileReference; lastKnownFileType = image.png; path = tyukiti.png; sourceTree = "<group>"; };
/* End PBXFileReference section */

/* Begin PBXFrameworksBuildPhase section */
		639E614D1809004900840B3C /* Frameworks */ = {
			isa = PBXFrameworksBuildPhase;
			buildActionMask = 2147483647;
			files = (
				639E61561809004900840B3C /* CoreGraphics.framework in Frameworks */,
				639E61581809004900840B3C /* UIKit.framework in Frameworks */,
				639E61541809004900840B3C /* Foundation.framework in Frameworks */,
			);
			runOnlyForDeploymentPostprocessing = 0;
		};
		639E616E1809004900840B3C /* Frameworks */ = {
			isa = PBXFrameworksBuildPhase;
			buildActionMask = 2147483647;
			files = (
				639E61731809004900840B3C /* XCTest.framework in Frameworks */,
				639E61751809004900840B3C /* UIKit.framework in Frameworks */,
				639E61741809004900840B3C /* Foundation.framework in Frameworks */,
			);
			runOnlyForDeploymentPostprocessing = 0;
		};
/* End PBXFrameworksBuildPhase section */

/* Begin PBXGroup section */
		639E61471809004900840B3C = {
			isa = PBXGroup;
			children = (
				639E6188180900B500840B3C /* daikiti.png */,
				639E6189180900B500840B3C /* daikyo.png */,
				639E618A180900B500840B3C /* haikei.png */,
				639E618B180900B500840B3C /* icon120_ur.png */,
				639E618C180900B500840B3C /* kiti.png */,
				639E618D180900B500840B3C /* kyo.png */,
				639E618E180900B500840B3C /* suekiti.png */,
				639E618F180900B500840B3C /* syokiti.png */,
				639E6190180900B500840B3C /* tyukiti.png */,
				639E61591809004900840B3C /* Uranai */,
				639E61781809004900840B3C /* UranaiTests */,
				639E61521809004900840B3C /* Frameworks */,
				639E61511809004900840B3C /* Products */,
			);
			sourceTree = "<group>";
		};
		639E61511809004900840B3C /* Products */ = {
			isa = PBXGroup;
			children = (
				639E61501809004900840B3C /* Uranai.app */,
				639E61711809004900840B3C /* UranaiTests.xctest */,
			);
			name = Products;
			sourceTree = "<group>";
		};
		639E61521809004900840B3C /* Frameworks */ = {
			isa = PBXGroup;
			children = (
				639E61531809004900840B3C /* Foundation.framework */,
				639E61551809004900840B3C /* CoreGraphics.framework */,
				639E61571809004900840B3C /* UIKit.framework */,
				639E61721809004900840B3C /* XCTest.framework */,
			);
			name = Frameworks;
			sourceTree = "<group>";
		};
		639E61591809004900840B3C /* Uranai */ = {
			isa = PBXGroup;
			children = (
				639E61621809004900840B3C /* AppDelegate.h */,
				639E61631809004900840B3C /* AppDelegate.m */,
				639E61651809004900840B3C /* Main.storyboard */,
				639E61681809004900840B3C /* ViewController.h */,
				639E61691809004900840B3C /* ViewController.m */,
				639E616B1809004900840B3C /* Images.xcassets */,
				639E615A1809004900840B3C /* Supporting Files */,
			);
			path = Uranai;
			sourceTree = "<group>";
		};
		639E615A1809004900840B3C /* Supporting Files */ = {
			isa = PBXGroup;
			children = (
				639E615B1809004900840B3C /* Uranai-Info.plist */,
				639E615C1809004900840B3C /* InfoPlist.strings */,
				639E615F1809004900840B3C /* main.m */,
				639E61611809004900840B3C /* Uranai-Prefix.pch */,
			);
			name = "Supporting Files";
			sourceTree = "<group>";
		};
		639E61781809004900840B3C /* UranaiTests */ = {
			isa = PBXGroup;
			children = (
				639E617E1809004900840B3C /* UranaiTests.m */,
				639E61791809004900840B3C /* Supporting Files */,
			);
			path = UranaiTests;
			sourceTree = "<group>";
		};
		639E61791809004900840B3C /* Supporting Files */ = {
			isa = PBXGroup;
			children = (
				639E617A1809004900840B3C /* UranaiTests-Info.plist */,
				639E617B1809004900840B3C /* InfoPlist.strings */,
			);
			name = "Supporting Files";
			sourceTree = "<group>";
		};
/* End PBXGroup section */

/* Begin PBXNativeTarget section */
		639E614F1809004900840B3C /* Uranai */ = {
			isa = PBXNativeTarget;
			buildConfigurationList = 639E61821809004900840B3C /* Build configuration list for PBXNativeTarget "Uranai" */;
			buildPhases = (
				639E614C1809004900840B3C /* Sources */,
				639E614D1809004900840B3C /* Frameworks */,
				639E614E1809004900840B3C /* Resources */,
			);
			buildRules = (
			);
			dependencies = (
			);
			name = Uranai;
			productName = Uranai;
			productReference = 639E61501809004900840B3C /* Uranai.app */;
			productType = "com.apple.product-type.application";
		};
		639E61701809004900840B3C /* UranaiTests */ = {
			isa = PBXNativeTarget;
			buildConfigurationList = 639E61851809004900840B3C /* Build configuration list for PBXNativeTarget "UranaiTests" */;
			buildPhases = (
				639E616D1809004900840B3C /* Sources */,
				639E616E1809004900840B3C /* Frameworks */,
				639E616F1809004900840B3C /* Resources */,
			);
			buildRules = (
			);
			dependencies = (
				639E61771809004900840B3C /* PBXTargetDependency */,
			);
			name = UranaiTests;
			productName = UranaiTests;
			productReference = 639E61711809004900840B3C /* UranaiTests.xctest */;
			productType = "com.apple.product-type.bundle.unit-test";
		};
/* End PBXNativeTarget section */

/* Begin PBXProject section */
		639E61481809004900840B3C /* Project object */ = {
			isa = PBXProject;
			attributes = {
				LastUpgradeCheck = 0500;
				ORGANIZATIONNAME = HiromiYamamoto;
				TargetAttributes = {
					639E61701809004900840B3C = {
						TestTargetID = 639E614F1809004900840B3C;
					};
				};
			};
			buildConfigurationList = 639E614B1809004900840B3C /* Build configuration list for PBXProject "Uranai" */;
			compatibilityVersion = "Xcode 3.2";
			developmentRegion = English;
			hasScannedForEncodings = 0;
			knownRegions = (
				en,
				Base,
			);
			mainGroup = 639E61471809004900840B3C;
			productRefGroup = 639E61511809004900840B3C /* Products */;
			projectDirPath = "";
			projectRoot = "";
			targets = (
				639E614F1809004900840B3C /* Uranai */,
				639E61701809004900840B3C /* UranaiTests */,
			);
		};
/* End PBXProject section */

/* Begin PBXResourcesBuildPhase section */
		639E614E1809004900840B3C /* Resources */ = {
			isa = PBXResourcesBuildPhase;
			buildActionMask = 2147483647;
			files = (
				639E6196180900B500840B3C /* kyo.png in Resources */,
				639E6199180900B500840B3C /* tyukiti.png in Resources */,
				639E616C1809004900840B3C /* Images.xcassets in Resources */,
				639E6198180900B500840B3C /* syokiti.png in Resources */,
				639E6191180900B500840B3C /* daikiti.png in Resources */,
				639E615E1809004900840B3C /* InfoPlist.strings in Resources */,
				639E61671809004900840B3C /* Main.storyboard in Resources */,
				639E6195180900B500840B3C /* kiti.png in Resources */,
				639E6194180900B500840B3C /* icon120_ur.png in Resources */,
				639E6193180900B500840B3C /* haikei.png in Resources */,
				639E6197180900B500840B3C /* suekiti.png in Resources */,
				639E6192180900B500840B3C /* daikyo.png in Resources */,
			);
			runOnlyForDeploymentPostprocessing = 0;
		};
		639E616F1809004900840B3C /* Resources */ = {
			isa = PBXResourcesBuildPhase;
			buildActionMask = 2147483647;
			files = (
				639E617D1809004900840B3C /* InfoPlist.strings in Resources */,
			);
			runOnlyForDeploymentPostprocessing = 0;
		};
/* End PBXResourcesBuildPhase section */

/* Begin PBXSourcesBuildPhase section */
		639E614C1809004900840B3C /* Sources */ = {
			isa = PBXSourcesBuildPhase;
			buildActionMask = 2147483647;
			files = (
				639E616A1809004900840B3C /* ViewController.m in Sources */,
				639E61641809004900840B3C /* AppDelegate.m in Sources */,
				639E61601809004900840B3C /* main.m in Sources */,
			);
			runOnlyForDeploymentPostprocessing = 0;
		};
		639E616D1809004900840B3C /* Sources */ = {
			isa = PBXSourcesBuildPhase;
			buildActionMask = 2147483647;
			files = (
				639E617F1809004900840B3C /* UranaiTests.m in Sources */,
			);
			runOnlyForDeploymentPostprocessing = 0;
		};
/* End PBXSourcesBuildPhase section */

/* Begin PBXTargetDependency section */
		639E61771809004900840B3C /* PBXTargetDependency */ = {
			isa = PBXTargetDependency;
			target = 639E614F1809004900840B3C /* Uranai */;
			targetProxy = 639E61761809004900840B3C /* PBXContainerItemProxy */;
		};
/* End PBXTargetDependency section */

/* Begin PBXVariantGroup section */
		639E615C1809004900840B3C /* InfoPlist.strings */ = {
			isa = PBXVariantGroup;
			children = (
				639E615D1809004900840B3C /* en */,
			);
			name = InfoPlist.strings;
			sourceTree = "<group>";
		};
		639E61651809004900840B3C /* Main.storyboard */ = {
			isa = PBXVariantGroup;
			children = (
				639E61661809004900840B3C /* Base */,
			);
			name = Main.storyboard;
			sourceTree = "<group>";
		};
		639E617B1809004900840B3C /* InfoPlist.strings */ = {
			isa = PBXVariantGroup;
			children = (
				639E617C1809004900840B3C /* en */,
			);
			name = InfoPlist.strings;
			sourceTree = "<group>";
		};
/* End PBXVariantGroup section */

/* Begin XCBuildConfiguration section */
		639E61801809004900840B3C /* Debug */ = {
			isa = XCBuildConfiguration;
			buildSettings = {
				ALWAYS_SEARCH_USER_PATHS = NO;
				ARCHS = "$(ARCHS_STANDARD_INCLUDING_64_BIT)";
				CLANG_CXX_LANGUAGE_STANDARD = "gnu++0x";
				CLANG_CXX_LIBRARY = "libc++";
				CLANG_ENABLE_MODULES = YES;
				CLANG_ENABLE_OBJC_ARC = YES;
				CLANG_WARN_BOOL_CONVERSION = YES;
				CLANG_WARN_CONSTANT_CONVERSION = YES;
				CLANG_WARN_DIRECT_OBJC_ISA_USAGE = YES_ERROR;
				CLANG_WARN_EMPTY_BODY = YES;
				CLANG_WARN_ENUM_CONVERSION = YES;
				CLANG_WARN_INT_CONVERSION = YES;
				CLANG_WARN_OBJC_ROOT_CLASS = YES_ERROR;
				CLANG_WARN__DUPLICATE_METHOD_MATCH = YES;
				"CODE_SIGN_IDENTITY[sdk=iphoneos*]" = "iPhone Developer";
				COPY_PHASE_STRIP = NO;
				GCC_C_LANGUAGE_STANDARD = gnu99;
				GCC_DYNAMIC_NO_PIC = NO;
				GCC_OPTIMIZATION_LEVEL = 0;
				GCC_PREPROCESSOR_DEFINITIONS = (
					"DEBUG=1",
					"$(inherited)",
				);
				GCC_SYMBOLS_PRIVATE_EXTERN = NO;
				GCC_WARN_64_TO_32_BIT_CONVERSION = YES;
				GCC_WARN_ABOUT_RETURN_TYPE = YES_ERROR;
				GCC_WARN_UNDECLARED_SELECTOR = YES;
				GCC_WARN_UNINITIALIZED_AUTOS = YES;
				GCC_WARN_UNUSED_FUNCTION = YES;
				GCC_WARN_UNUSED_VARIABLE = YES;
				IPHONEOS_DEPLOYMENT_TARGET = 7.0;
				ONLY_ACTIVE_ARCH = YES;
				SDKROOT = iphoneos;
			};
			name = Debug;
		};
		639E61811809004900840B3C /* Release */ = {
			isa = XCBuildConfiguration;
			buildSettings = {
				ALWAYS_SEARCH_USER_PATHS = NO;
				ARCHS = "$(ARCHS_STANDARD_INCLUDING_64_BIT)";
				CLANG_CXX_LANGUAGE_STANDARD = "gnu++0x";
				CLANG_CXX_LIBRARY = "libc++";
				CLANG_ENABLE_MODULES = YES;
				CLANG_ENABLE_OBJC_ARC = YES;
				CLANG_WARN_BOOL_CONVERSION = YES;
				CLANG_WARN_CONSTANT_CONVERSION = YES;
				CLANG_WARN_DIRECT_OBJC_ISA_USAGE = YES_ERROR;
				CLANG_WARN_EMPTY_BODY = YES;
				CLANG_WARN_ENUM_CONVERSION = YES;
				CLANG_WARN_INT_CONVERSION = YES;
				CLANG_WARN_OBJC_ROOT_CLASS = YES_ERROR;
				CLANG_WARN__DUPLICATE_METHOD_MATCH = YES;
				"CODE_SIGN_IDENTITY[sdk=iphoneos*]" = "iPhone Developer";
				COPY_PHASE_STRIP = YES;
				ENABLE_NS_ASSERTIONS = NO;
				GCC_C_LANGUAGE_STANDARD = gnu99;
				GCC_WARN_64_TO_32_BIT_CONVERSION = YES;
				GCC_WARN_ABOUT_RETURN_TYPE = YES_ERROR;
				GCC_WARN_UNDECLARED_SELECTOR = YES;
				GCC_WARN_UNINITIALIZED_AUTOS = YES;
				GCC_WARN_UNUSED_FUNCTION = YES;
				GCC_WARN_UNUSED_VARIABLE = YES;
				IPHONEOS_DEPLOYMENT_TARGET = 7.0;
				SDKROOT = iphoneos;
				VALIDATE_PRODUCT = YES;
			};
			name = Release;
		};
		639E61831809004900840B3C /* Debug */ = {
			isa = XCBuildConfiguration;
			buildSettings = {
				ASSETCATALOG_COMPILER_APPICON_NAME = AppIcon;
				ASSETCATALOG_COMPILER_LAUNCHIMAGE_NAME = LaunchImage;
				GCC_PRECOMPILE_PREFIX_HEADER = YES;
				GCC_PREFIX_HEADER = "Uranai/Uranai-Prefix.pch";
				INFOPLIST_FILE = "Uranai/Uranai-Info.plist";
				PRODUCT_NAME = "$(TARGET_NAME)";
				WRAPPER_EXTENSION = app;
			};
			name = Debug;
		};
		639E61841809004900840B3C /* Release */ = {
			isa = XCBuildConfiguration;
			buildSettings = {
				ASSETCATALOG_COMPILER_APPICON_NAME = AppIcon;
				ASSETCATALOG_COMPILER_LAUNCHIMAGE_NAME = LaunchImage;
				GCC_PRECOMPILE_PREFIX_HEADER = YES;
				GCC_PREFIX_HEADER = "Uranai/Uranai-Prefix.pch";
				INFOPLIST_FILE = "Uranai/Uranai-Info.plist";
				PRODUCT_NAME = "$(TARGET_NAME)";
				WRAPPER_EXTENSION = app;
			};
			name = Release;
		};
		639E61861809004900840B3C /* Debug */ = {
			isa = XCBuildConfiguration;
			buildSettings = {
				ARCHS = "$(ARCHS_STANDARD_INCLUDING_64_BIT)";
				BUNDLE_LOADER = "$(BUILT_PRODUCTS_DIR)/Uranai.app/Uranai";
				FRAMEWORK_SEARCH_PATHS = (
					"$(SDKROOT)/Developer/Library/Frameworks",
					"$(inherited)",
					"$(DEVELOPER_FRAMEWORKS_DIR)",
				);
				GCC_PRECOMPILE_PREFIX_HEADER = YES;
				GCC_PREFIX_HEADER = "Uranai/Uranai-Prefix.pch";
				GCC_PREPROCESSOR_DEFINITIONS = (
					"DEBUG=1",
					"$(inherited)",
				);
				INFOPLIST_FILE = "UranaiTests/UranaiTests-Info.plist";
				PRODUCT_NAME = "$(TARGET_NAME)";
				TEST_HOST = "$(BUNDLE_LOADER)";
				WRAPPER_EXTENSION = xctest;
			};
			name = Debug;
		};
		639E61871809004900840B3C /* Release */ = {
			isa = XCBuildConfiguration;
			buildSettings = {
				ARCHS = "$(ARCHS_STANDARD_INCLUDING_64_BIT)";
				BUNDLE_LOADER = "$(BUILT_PRODUCTS_DIR)/Uranai.app/Uranai";
				FRAMEWORK_SEARCH_PATHS = (
					"$(SDKROOT)/Developer/Library/Frameworks",
					"$(inherited)",
					"$(DEVELOPER_FRAMEWORKS_DIR)",
				);
				GCC_PRECOMPILE_PREFIX_HEADER = YES;
				GCC_PREFIX_HEADER = "Uranai/Uranai-Prefix.pch";
				INFOPLIST_FILE = "UranaiTests/UranaiTests-Info.plist";
				PRODUCT_NAME = "$(TARGET_NAME)";
				TEST_HOST = "$(BUNDLE_LOADER)";
				WRAPPER_EXTENSION = xctest;
			};
			name = Release;
		};
/* End XCBuildConfiguration section */

/* Begin XCConfigurationList section */
		639E614B1809004900840B3C /* Build configuration list for PBXProject "Uranai" */ = {
			isa = XCConfigurationList;
			buildConfigurations = (
				639E61801809004900840B3C /* Debug */,
				639E61811809004900840B3C /* Release */,
			);
			defaultConfigurationIsVisible = 0;
			defaultConfigurationName = Release;
		};
		639E61821809004900840B3C /* Build configuration list for PBXNativeTarget "Uranai" */ = {
			isa = XCConfigurationList;
			buildConfigurations = (
				639E61831809004900840B3C /* Debug */,
				639E61841809004900840B3C /* Release */,
			);
			defaultConfigurationIsVisible = 0;
		};
		639E61851809004900840B3C /* Build configuration list for PBXNativeTarget "UranaiTests" */ = {
			isa = XCConfigurationList;
			buildConfigurations = (
				639E61861809004900840B3C /* Debug */,
				639E61871809004900840B3C /* Release */,
			);
			defaultConfigurationIsVisible = 0;
		};
/* End XCConfigurationList section */
	};
	rootObject = 639E61481809004900840B3C /* Project object */;
}
